
Microsoft Visual Studio Solution File, Format Version 11.00
# Visual Studio 2010
Project("{FAE04EC0-301F-11D3-BF4B-00C04F79EFBC}") = "Assembly-CSharp", "Assembly-CSharp.csproj", "{3811b2a6-e66d-c1fc-b11d-a61fc10a3e60}"
EndProject
Project("{FAE04EC0-301F-11D3-BF4B-00C04F79EFBC}") = "Assembly-CSharp-Editor", "Assembly-CSharp-Editor.csproj", "{c123f00a-09ef-76a1-135f-ea866850d521}"
EndProject
Global
	GlobalSection(SolutionConfigurationPlatforms) = preSolution
		Debug|Any CPU = Debug|Any CPU
	EndGlobalSection
	GlobalSection(ProjectConfigurationPlatforms) = postSolution
		{3811b2a6-e66d-c1fc-b11d-a61fc10a3e60}.Debug|Any CPU.ActiveCfg = Debug|Any CPU
		{3811b2a6-e66d-c1fc-b11d-a61fc10a3e60}.Debug|Any CPU.Build.0 = Debug|Any CPU
		{c123f00a-09ef-76a1-135f-ea866850d521}.Debug|Any CPU.ActiveCfg = Debug|Any CPU
		{c123f00a-09ef-76a1-135f-ea866850d521}.Debug|Any CPU.Build.0 = Debug|Any CPU
	EndGlobalSection
	GlobalSection(SolutionProperties) = preSolution
		HideSolutionNode = FALSE
	EndGlobalSection
EndGlobal
