
Microsoft Visual Studio Solution File, Format Version 12.00
# Visual Studio 15
Project("{FAE04EC0-301F-11D3-BF4B-00C04F79EFBC}") = "Assembly-CSharp", "Assembly-CSharp.csproj", "{E68EA522-ED4B-26FF-E47A-1F5C38C5DBAD}"
EndProject
Project("{FAE04EC0-301F-11D3-BF4B-00C04F79EFBC}") = "Assembly-CSharp-Editor", "Assembly-CSharp-Editor.csproj", "{A0F1F45B-E375-E65C-774F-4C24BCBE002F}"
EndProject
Global
	GlobalSection(SolutionConfigurationPlatforms) = preSolution
		Debug|Any CPU = Debug|Any CPU
		Release|Any CPU = Release|Any CPU
	EndGlobalSection
	GlobalSection(ProjectConfigurationPlatforms) = postSolution
		{E68EA522-ED4B-26FF-E47A-1F5C38C5DBAD}.Debug|Any CPU.ActiveCfg = Debug|Any CPU
		{E68EA522-ED4B-26FF-E47A-1F5C38C5DBAD}.Debug|Any CPU.Build.0 = Debug|Any CPU
		{E68EA522-ED4B-26FF-E47A-1F5C38C5DBAD}.Release|Any CPU.ActiveCfg = Release|Any CPU
		{E68EA522-ED4B-26FF-E47A-1F5C38C5DBAD}.Release|Any CPU.Build.0 = Release|Any CPU
		{A0F1F45B-E375-E65C-774F-4C24BCBE002F}.Debug|Any CPU.ActiveCfg = Debug|Any CPU
		{A0F1F45B-E375-E65C-774F-4C24BCBE002F}.Debug|Any CPU.Build.0 = Debug|Any CPU
		{A0F1F45B-E375-E65C-774F-4C24BCBE002F}.Release|Any CPU.ActiveCfg = Release|Any CPU
		{A0F1F45B-E375-E65C-774F-4C24BCBE002F}.Release|Any CPU.Build.0 = Release|Any CPU
	EndGlobalSection
	GlobalSection(SolutionProperties) = preSolution
		HideSolutionNode = FALSE
	EndGlobalSection
EndGlobal
